// !$*UTF8*$!
{
	archiveVersion = 1;
	classes = {
	};
	objectVersion = 51;
	objects = {

/* Begin PBXBuildFile section */
		52299BF72625F6F50069B8ED /* QuizzesViewController.swift in Sources */ = {isa = PBXBuildFile; fileRef = 52299BF62625F6F50069B8ED /* QuizzesViewController.swift */; };
		52299BFA2625F7DE0069B8ED /* QuizzesView.swift in Sources */ = {isa = PBXBuildFile; fileRef = 52299BF92625F7DE0069B8ED /* QuizzesView.swift */; };
		52299BFD262657EC0069B8ED /* QuizField.swift in Sources */ = {isa = PBXBuildFile; fileRef = 52299BFC262657EC0069B8ED /* QuizField.swift */; };
		52299C09262773840069B8ED /* visibility_off.png in Resources */ = {isa = PBXBuildFile; fileRef = 52299C07262773840069B8ED /* visibility_off.png */; };
		52299C0A262773840069B8ED /* visibility_on.png in Resources */ = {isa = PBXBuildFile; fileRef = 52299C08262773840069B8ED /* visibility_on.png */; };
		52299C0D262773F20069B8ED /* sport_quiz.jpg in Resources */ = {isa = PBXBuildFile; fileRef = 52299C0C262773F20069B8ED /* sport_quiz.jpg */; };
		524BAA292642E54400A425B0 /* SettingsViewController.swift in Sources */ = {isa = PBXBuildFile; fileRef = 524BAA282642E54400A425B0 /* SettingsViewController.swift */; };
		524BAA2B2642E5F900A425B0 /* SettingsView.swift in Sources */ = {isa = PBXBuildFile; fileRef = 524BAA2A2642E5F900A425B0 /* SettingsView.swift */; };
		524BAA2E2642FC6200A425B0 /* settings-17-24.png in Resources */ = {isa = PBXBuildFile; fileRef = 524BAA2C2642FC6200A425B0 /* settings-17-24.png */; };
		524BAA2F2642FC6200A425B0 /* grid-three-up-24.png in Resources */ = {isa = PBXBuildFile; fileRef = 524BAA2D2642FC6200A425B0 /* grid-three-up-24.png */; };
		524BAA342645A3E300A425B0 /* QuizCategory.swift in Sources */ = {isa = PBXBuildFile; fileRef = 524BAA302645A3E300A425B0 /* QuizCategory.swift */; };
		524BAA352645A3E300A425B0 /* Question.swift in Sources */ = {isa = PBXBuildFile; fileRef = 524BAA312645A3E300A425B0 /* Question.swift */; };
		524BAA362645A3E300A425B0 /* LoginStatus.swift in Sources */ = {isa = PBXBuildFile; fileRef = 524BAA322645A3E300A425B0 /* LoginStatus.swift */; };
		524BAA372645A3E300A425B0 /* Quiz.swift in Sources */ = {isa = PBXBuildFile; fileRef = 524BAA332645A3E300A425B0 /* Quiz.swift */; };
		524BAA392645A41700A425B0 /* AppRouterProtocol.swift in Sources */ = {isa = PBXBuildFile; fileRef = 524BAA382645A41700A425B0 /* AppRouterProtocol.swift */; };
		524BAA3C2645AA6E00A425B0 /* DataService.swift in Sources */ = {isa = PBXBuildFile; fileRef = 524BAA3A2645AA6E00A425B0 /* DataService.swift */; };
		524BAA3D2645AA6E00A425B0 /* DataServiceProtocol.swift in Sources */ = {isa = PBXBuildFile; fileRef = 524BAA3B2645AA6E00A425B0 /* DataServiceProtocol.swift */; };
		5250F67226418A48007EE50F /* AppRouter.swift in Sources */ = {isa = PBXBuildFile; fileRef = 5250F67126418A48007EE50F /* AppRouter.swift */; };
		5250F6742641A70B007EE50F /* QuizViewController.swift in Sources */ = {isa = PBXBuildFile; fileRef = 5250F6732641A70B007EE50F /* QuizViewController.swift */; };
		5250F6762641A826007EE50F /* QuizView.swift in Sources */ = {isa = PBXBuildFile; fileRef = 5250F6752641A826007EE50F /* QuizView.swift */; };
		5250F6782641EA53007EE50F /* QuestionTrackerView.swift in Sources */ = {isa = PBXBuildFile; fileRef = 5250F6772641EA53007EE50F /* QuestionTrackerView.swift */; };
		5250F67A26421193007EE50F /* QuizReslutViewController.swift in Sources */ = {isa = PBXBuildFile; fileRef = 5250F67926421193007EE50F /* QuizReslutViewController.swift */; };
		5250F67C26421216007EE50F /* QuizResultView.swift in Sources */ = {isa = PBXBuildFile; fileRef = 5250F67B26421216007EE50F /* QuizResultView.swift */; };
		525B9C742624F44000984F52 /* LoginView.swift in Sources */ = {isa = PBXBuildFile; fileRef = 525B9C732624F44000984F52 /* LoginView.swift */; };
		5262F253CDB275753ED13236 /* Pods_QuizApp.framework in Frameworks */ = {isa = PBXBuildFile; fileRef = F236C1253F7A5D4A30D41E8F /* Pods_QuizApp.framework */; };
		52BDD0472625000C00834C12 /* TextField.swift in Sources */ = {isa = PBXBuildFile; fileRef = 52BDD0462625000C00834C12 /* TextField.swift */; };
		52EAB3AF2620AEB0003BF6F8 /* AppDelegate.swift in Sources */ = {isa = PBXBuildFile; fileRef = 52EAB3AE2620AEB0003BF6F8 /* AppDelegate.swift */; };
		52EAB3B12620AEB0003BF6F8 /* SceneDelegate.swift in Sources */ = {isa = PBXBuildFile; fileRef = 52EAB3B02620AEB0003BF6F8 /* SceneDelegate.swift */; };
		52EAB3B82620AEB1003BF6F8 /* Assets.xcassets in Resources */ = {isa = PBXBuildFile; fileRef = 52EAB3B72620AEB1003BF6F8 /* Assets.xcassets */; };
		52EAB3BB2620AEB1003BF6F8 /* LaunchScreen.storyboard in Resources */ = {isa = PBXBuildFile; fileRef = 52EAB3B92620AEB1003BF6F8 /* LaunchScreen.storyboard */; };
		52EAB3C7262256D1003BF6F8 /* LoginViewController.swift in Sources */ = {isa = PBXBuildFile; fileRef = 52EAB3C6262256D0003BF6F8 /* LoginViewController.swift */; };
/* End PBXBuildFile section */

/* Begin PBXFileReference section */
		1176D5B23D0D25B52058CC86 /* Pods-QuizApp.release.xcconfig */ = {isa = PBXFileReference; includeInIndex = 1; lastKnownFileType = text.xcconfig; name = "Pods-QuizApp.release.xcconfig"; path = "Target Support Files/Pods-QuizApp/Pods-QuizApp.release.xcconfig"; sourceTree = "<group>"; };
		52299BF62625F6F50069B8ED /* QuizzesViewController.swift */ = {isa = PBXFileReference; lastKnownFileType = sourcecode.swift; path = QuizzesViewController.swift; sourceTree = "<group>"; };
		52299BF92625F7DE0069B8ED /* QuizzesView.swift */ = {isa = PBXFileReference; lastKnownFileType = sourcecode.swift; path = QuizzesView.swift; sourceTree = "<group>"; };
		52299BFC262657EC0069B8ED /* QuizField.swift */ = {isa = PBXFileReference; lastKnownFileType = sourcecode.swift; path = QuizField.swift; sourceTree = "<group>"; };
		52299C07262773840069B8ED /* visibility_off.png */ = {isa = PBXFileReference; lastKnownFileType = image.png; path = visibility_off.png; sourceTree = "<group>"; };
		52299C08262773840069B8ED /* visibility_on.png */ = {isa = PBXFileReference; lastKnownFileType = image.png; path = visibility_on.png; sourceTree = "<group>"; };
		52299C0C262773F20069B8ED /* sport_quiz.jpg */ = {isa = PBXFileReference; lastKnownFileType = image.jpeg; path = sport_quiz.jpg; sourceTree = "<group>"; };
		524BAA282642E54400A425B0 /* SettingsViewController.swift */ = {isa = PBXFileReference; lastKnownFileType = sourcecode.swift; path = SettingsViewController.swift; sourceTree = "<group>"; };
		524BAA2A2642E5F900A425B0 /* SettingsView.swift */ = {isa = PBXFileReference; lastKnownFileType = sourcecode.swift; path = SettingsView.swift; sourceTree = "<group>"; };
		524BAA2C2642FC6200A425B0 /* settings-17-24.png */ = {isa = PBXFileReference; lastKnownFileType = image.png; path = "settings-17-24.png"; sourceTree = "<group>"; };
		524BAA2D2642FC6200A425B0 /* grid-three-up-24.png */ = {isa = PBXFileReference; lastKnownFileType = image.png; path = "grid-three-up-24.png"; sourceTree = "<group>"; };
		524BAA302645A3E300A425B0 /* QuizCategory.swift */ = {isa = PBXFileReference; fileEncoding = 4; lastKnownFileType = sourcecode.swift; path = QuizCategory.swift; sourceTree = "<group>"; };
		524BAA312645A3E300A425B0 /* Question.swift */ = {isa = PBXFileReference; fileEncoding = 4; lastKnownFileType = sourcecode.swift; path = Question.swift; sourceTree = "<group>"; };
		524BAA322645A3E300A425B0 /* LoginStatus.swift */ = {isa = PBXFileReference; fileEncoding = 4; lastKnownFileType = sourcecode.swift; path = LoginStatus.swift; sourceTree = "<group>"; };
		524BAA332645A3E300A425B0 /* Quiz.swift */ = {isa = PBXFileReference; fileEncoding = 4; lastKnownFileType = sourcecode.swift; path = Quiz.swift; sourceTree = "<group>"; };
		524BAA382645A41700A425B0 /* AppRouterProtocol.swift */ = {isa = PBXFileReference; lastKnownFileType = sourcecode.swift; path = AppRouterProtocol.swift; sourceTree = "<group>"; };
		524BAA3A2645AA6E00A425B0 /* DataService.swift */ = {isa = PBXFileReference; fileEncoding = 4; lastKnownFileType = sourcecode.swift; path = DataService.swift; sourceTree = "<group>"; };
		524BAA3B2645AA6E00A425B0 /* DataServiceProtocol.swift */ = {isa = PBXFileReference; fileEncoding = 4; lastKnownFileType = sourcecode.swift; path = DataServiceProtocol.swift; sourceTree = "<group>"; };
		5250F67126418A48007EE50F /* AppRouter.swift */ = {isa = PBXFileReference; lastKnownFileType = sourcecode.swift; path = AppRouter.swift; sourceTree = "<group>"; };
		5250F6732641A70B007EE50F /* QuizViewController.swift */ = {isa = PBXFileReference; lastKnownFileType = sourcecode.swift; path = QuizViewController.swift; sourceTree = "<group>"; };
		5250F6752641A826007EE50F /* QuizView.swift */ = {isa = PBXFileReference; lastKnownFileType = sourcecode.swift; path = QuizView.swift; sourceTree = "<group>"; };
		5250F6772641EA53007EE50F /* QuestionTrackerView.swift */ = {isa = PBXFileReference; lastKnownFileType = sourcecode.swift; path = QuestionTrackerView.swift; sourceTree = "<group>"; };
		5250F67926421193007EE50F /* QuizReslutViewController.swift */ = {isa = PBXFileReference; lastKnownFileType = sourcecode.swift; path = QuizReslutViewController.swift; sourceTree = "<group>"; };
		5250F67B26421216007EE50F /* QuizResultView.swift */ = {isa = PBXFileReference; lastKnownFileType = sourcecode.swift; path = QuizResultView.swift; sourceTree = "<group>"; };
		525B9C732624F44000984F52 /* LoginView.swift */ = {isa = PBXFileReference; lastKnownFileType = sourcecode.swift; path = LoginView.swift; sourceTree = "<group>"; };
		52BDD0462625000C00834C12 /* TextField.swift */ = {isa = PBXFileReference; lastKnownFileType = sourcecode.swift; path = TextField.swift; sourceTree = "<group>"; };
		52EAB3AB2620AEB0003BF6F8 /* QuizApp.app */ = {isa = PBXFileReference; explicitFileType = wrapper.application; includeInIndex = 0; path = QuizApp.app; sourceTree = BUILT_PRODUCTS_DIR; };
		52EAB3AE2620AEB0003BF6F8 /* AppDelegate.swift */ = {isa = PBXFileReference; lastKnownFileType = sourcecode.swift; path = AppDelegate.swift; sourceTree = "<group>"; };
		52EAB3B02620AEB0003BF6F8 /* SceneDelegate.swift */ = {isa = PBXFileReference; lastKnownFileType = sourcecode.swift; path = SceneDelegate.swift; sourceTree = "<group>"; };
		52EAB3B72620AEB1003BF6F8 /* Assets.xcassets */ = {isa = PBXFileReference; lastKnownFileType = folder.assetcatalog; path = Assets.xcassets; sourceTree = "<group>"; };
		52EAB3BA2620AEB1003BF6F8 /* Base */ = {isa = PBXFileReference; lastKnownFileType = file.storyboard; name = Base; path = Base.lproj/LaunchScreen.storyboard; sourceTree = "<group>"; };
		52EAB3BC2620AEB1003BF6F8 /* Info.plist */ = {isa = PBXFileReference; lastKnownFileType = text.plist.xml; path = Info.plist; sourceTree = "<group>"; };
		52EAB3C6262256D0003BF6F8 /* LoginViewController.swift */ = {isa = PBXFileReference; lastKnownFileType = sourcecode.swift; path = LoginViewController.swift; sourceTree = "<group>"; };
		8BCC14AAB3651E60B897E1DB /* Pods-QuizApp.debug.xcconfig */ = {isa = PBXFileReference; includeInIndex = 1; lastKnownFileType = text.xcconfig; name = "Pods-QuizApp.debug.xcconfig"; path = "Target Support Files/Pods-QuizApp/Pods-QuizApp.debug.xcconfig"; sourceTree = "<group>"; };
		F236C1253F7A5D4A30D41E8F /* Pods_QuizApp.framework */ = {isa = PBXFileReference; explicitFileType = wrapper.framework; includeInIndex = 0; path = Pods_QuizApp.framework; sourceTree = BUILT_PRODUCTS_DIR; };
/* End PBXFileReference section */

/* Begin PBXFrameworksBuildPhase section */
		52EAB3A82620AEB0003BF6F8 /* Frameworks */ = {
			isa = PBXFrameworksBuildPhase;
			buildActionMask = 2147483647;
			files = (
				5262F253CDB275753ED13236 /* Pods_QuizApp.framework in Frameworks */,
			);
			runOnlyForDeploymentPostprocessing = 0;
		};
/* End PBXFrameworksBuildPhase section */

/* Begin PBXGroup section */
		52299C06262773120069B8ED /* Images */ = {
			isa = PBXGroup;
			children = (
				524BAA2D2642FC6200A425B0 /* grid-three-up-24.png */,
				524BAA2C2642FC6200A425B0 /* settings-17-24.png */,
				52299C0C262773F20069B8ED /* sport_quiz.jpg */,
				52299C07262773840069B8ED /* visibility_off.png */,
				52299C08262773840069B8ED /* visibility_on.png */,
			);
			path = Images;
			sourceTree = "<group>";
		};
		52EAB3A22620AEB0003BF6F8 = {
			isa = PBXGroup;
			children = (
				52EAB3AD2620AEB0003BF6F8 /* QuizApp */,
				52EAB3AC2620AEB0003BF6F8 /* Products */,
				55255A25EED10A7205B78209 /* Pods */,
				8A4F493187F953259FCE68E0 /* Frameworks */,
			);
			sourceTree = "<group>";
		};
		52EAB3AC2620AEB0003BF6F8 /* Products */ = {
			isa = PBXGroup;
			children = (
				52EAB3AB2620AEB0003BF6F8 /* QuizApp.app */,
			);
			name = Products;
			sourceTree = "<group>";
		};
		52EAB3AD2620AEB0003BF6F8 /* QuizApp */ = {
			isa = PBXGroup;
			children = (
				52EAB3AE2620AEB0003BF6F8 /* AppDelegate.swift */,
				5250F67126418A48007EE50F /* AppRouter.swift */,
				524BAA382645A41700A425B0 /* AppRouterProtocol.swift */,
				52EAB3B72620AEB1003BF6F8 /* Assets.xcassets */,
				524BAA3A2645AA6E00A425B0 /* DataService.swift */,
				524BAA3B2645AA6E00A425B0 /* DataServiceProtocol.swift */,
				52299C06262773120069B8ED /* Images */,
				52EAB3BC2620AEB1003BF6F8 /* Info.plist */,
				52EAB3B92620AEB1003BF6F8 /* LaunchScreen.storyboard */,
				524BAA322645A3E300A425B0 /* LoginStatus.swift */,
				525B9C732624F44000984F52 /* LoginView.swift */,
				52EAB3C6262256D0003BF6F8 /* LoginViewController.swift */,
				524BAA312645A3E300A425B0 /* Question.swift */,
				5250F6772641EA53007EE50F /* QuestionTrackerView.swift */,
				524BAA332645A3E300A425B0 /* Quiz.swift */,
				524BAA302645A3E300A425B0 /* QuizCategory.swift */,
				52299BFC262657EC0069B8ED /* QuizField.swift */,
				5250F67926421193007EE50F /* QuizReslutViewController.swift */,
				5250F67B26421216007EE50F /* QuizResultView.swift */,
				5250F6752641A826007EE50F /* QuizView.swift */,
				5250F6732641A70B007EE50F /* QuizViewController.swift */,
				52299BF92625F7DE0069B8ED /* QuizzesView.swift */,
				52299BF62625F6F50069B8ED /* QuizzesViewController.swift */,
				52EAB3B02620AEB0003BF6F8 /* SceneDelegate.swift */,
				524BAA2A2642E5F900A425B0 /* SettingsView.swift */,
				524BAA282642E54400A425B0 /* SettingsViewController.swift */,
				52BDD0462625000C00834C12 /* TextField.swift */,
			);
			path = QuizApp;
			sourceTree = "<group>";
		};
		55255A25EED10A7205B78209 /* Pods */ = {
			isa = PBXGroup;
			children = (
				8BCC14AAB3651E60B897E1DB /* Pods-QuizApp.debug.xcconfig */,
				1176D5B23D0D25B52058CC86 /* Pods-QuizApp.release.xcconfig */,
			);
			path = Pods;
			sourceTree = "<group>";
		};
		8A4F493187F953259FCE68E0 /* Frameworks */ = {
			isa = PBXGroup;
			children = (
				F236C1253F7A5D4A30D41E8F /* Pods_QuizApp.framework */,
			);
			name = Frameworks;
			sourceTree = "<group>";
		};
/* End PBXGroup section */

/* Begin PBXNativeTarget section */
		52EAB3AA2620AEB0003BF6F8 /* QuizApp */ = {
			isa = PBXNativeTarget;
			buildConfigurationList = 52EAB3BF2620AEB1003BF6F8 /* Build configuration list for PBXNativeTarget "QuizApp" */;
			buildPhases = (
				C6C4CCC7D7D36EEF2CB85080 /* [CP] Check Pods Manifest.lock */,
				52EAB3A72620AEB0003BF6F8 /* Sources */,
				52EAB3A82620AEB0003BF6F8 /* Frameworks */,
				52EAB3A92620AEB0003BF6F8 /* Resources */,
				2D718D4EC0BEB1404A7AA5F0 /* [CP] Embed Pods Frameworks */,
			);
			buildRules = (
			);
			dependencies = (
			);
			name = QuizApp;
			productName = QuizApp;
			productReference = 52EAB3AB2620AEB0003BF6F8 /* QuizApp.app */;
			productType = "com.apple.product-type.application";
		};
/* End PBXNativeTarget section */

/* Begin PBXProject section */
		52EAB3A32620AEB0003BF6F8 /* Project object */ = {
			isa = PBXProject;
			attributes = {
				LastSwiftUpdateCheck = 1240;
				LastUpgradeCheck = 1240;
				TargetAttributes = {
					52EAB3AA2620AEB0003BF6F8 = {
						CreatedOnToolsVersion = 12.4;
					};
				};
			};
			buildConfigurationList = 52EAB3A62620AEB0003BF6F8 /* Build configuration list for PBXProject "QuizApp" */;
			compatibilityVersion = "Xcode 9.3";
			developmentRegion = en;
			hasScannedForEncodings = 0;
			knownRegions = (
				en,
				Base,
			);
			mainGroup = 52EAB3A22620AEB0003BF6F8;
			productRefGroup = 52EAB3AC2620AEB0003BF6F8 /* Products */;
			projectDirPath = "";
			projectRoot = "";
			targets = (
				52EAB3AA2620AEB0003BF6F8 /* QuizApp */,
			);
		};
/* End PBXProject section */

/* Begin PBXResourcesBuildPhase section */
		52EAB3A92620AEB0003BF6F8 /* Resources */ = {
			isa = PBXResourcesBuildPhase;
			buildActionMask = 2147483647;
			files = (
				52EAB3BB2620AEB1003BF6F8 /* LaunchScreen.storyboard in Resources */,
				52299C0D262773F20069B8ED /* sport_quiz.jpg in Resources */,
				52299C0A262773840069B8ED /* visibility_on.png in Resources */,
				52EAB3B82620AEB1003BF6F8 /* Assets.xcassets in Resources */,
				524BAA2E2642FC6200A425B0 /* settings-17-24.png in Resources */,
				524BAA2F2642FC6200A425B0 /* grid-three-up-24.png in Resources */,
				52299C09262773840069B8ED /* visibility_off.png in Resources */,
			);
			runOnlyForDeploymentPostprocessing = 0;
		};
/* End PBXResourcesBuildPhase section */

/* Begin PBXShellScriptBuildPhase section */
		2D718D4EC0BEB1404A7AA5F0 /* [CP] Embed Pods Frameworks */ = {
			isa = PBXShellScriptBuildPhase;
			buildActionMask = 2147483647;
			files = (
			);
			inputFileListPaths = (
				"${PODS_ROOT}/Target Support Files/Pods-QuizApp/Pods-QuizApp-frameworks-${CONFIGURATION}-input-files.xcfilelist",
			);
			name = "[CP] Embed Pods Frameworks";
			outputFileListPaths = (
				"${PODS_ROOT}/Target Support Files/Pods-QuizApp/Pods-QuizApp-frameworks-${CONFIGURATION}-output-files.xcfilelist",
			);
			runOnlyForDeploymentPostprocessing = 0;
			shellPath = /bin/sh;
			shellScript = "\"${PODS_ROOT}/Target Support Files/Pods-QuizApp/Pods-QuizApp-frameworks.sh\"\n";
			showEnvVarsInLog = 0;
		};
		C6C4CCC7D7D36EEF2CB85080 /* [CP] Check Pods Manifest.lock */ = {
			isa = PBXShellScriptBuildPhase;
			buildActionMask = 2147483647;
			files = (
			);
			inputFileListPaths = (
			);
			inputPaths = (
				"${PODS_PODFILE_DIR_PATH}/Podfile.lock",
				"${PODS_ROOT}/Manifest.lock",
			);
			name = "[CP] Check Pods Manifest.lock";
			outputFileListPaths = (
			);
			outputPaths = (
				"$(DERIVED_FILE_DIR)/Pods-QuizApp-checkManifestLockResult.txt",
			);
			runOnlyForDeploymentPostprocessing = 0;
			shellPath = /bin/sh;
			shellScript = "diff \"${PODS_PODFILE_DIR_PATH}/Podfile.lock\" \"${PODS_ROOT}/Manifest.lock\" > /dev/null\nif [ $? != 0 ] ; then\n    # print error to STDERR\n    echo \"error: The sandbox is not in sync with the Podfile.lock. Run 'pod install' or update your CocoaPods installation.\" >&2\n    exit 1\nfi\n# This output is used by Xcode 'outputs' to avoid re-running this script phase.\necho \"SUCCESS\" > \"${SCRIPT_OUTPUT_FILE_0}\"\n";
			showEnvVarsInLog = 0;
		};
/* End PBXShellScriptBuildPhase section */

/* Begin PBXSourcesBuildPhase section */
		52EAB3A72620AEB0003BF6F8 /* Sources */ = {
			isa = PBXSourcesBuildPhase;
			buildActionMask = 2147483647;
			files = (
				52299BF72625F6F50069B8ED /* QuizzesViewController.swift in Sources */,
				524BAA292642E54400A425B0 /* SettingsViewController.swift in Sources */,
				5250F67C26421216007EE50F /* QuizResultView.swift in Sources */,
				52EAB3C7262256D1003BF6F8 /* LoginViewController.swift in Sources */,
				524BAA362645A3E300A425B0 /* LoginStatus.swift in Sources */,
				524BAA3C2645AA6E00A425B0 /* DataService.swift in Sources */,
				52299BFA2625F7DE0069B8ED /* QuizzesView.swift in Sources */,
				524BAA352645A3E300A425B0 /* Question.swift in Sources */,
				5250F6782641EA53007EE50F /* QuestionTrackerView.swift in Sources */,
				52299BFD262657EC0069B8ED /* QuizField.swift in Sources */,
				52EAB3AF2620AEB0003BF6F8 /* AppDelegate.swift in Sources */,
				5250F67226418A48007EE50F /* AppRouter.swift in Sources */,
				52BDD0472625000C00834C12 /* TextField.swift in Sources */,
				5250F6742641A70B007EE50F /* QuizViewController.swift in Sources */,
				524BAA3D2645AA6E00A425B0 /* DataServiceProtocol.swift in Sources */,
				525B9C742624F44000984F52 /* LoginView.swift in Sources */,
				5250F6762641A826007EE50F /* QuizView.swift in Sources */,
				5250F67A26421193007EE50F /* QuizReslutViewController.swift in Sources */,
				524BAA372645A3E300A425B0 /* Quiz.swift in Sources */,
				524BAA392645A41700A425B0 /* AppRouterProtocol.swift in Sources */,
				524BAA342645A3E300A425B0 /* QuizCategory.swift in Sources */,
				52EAB3B12620AEB0003BF6F8 /* SceneDelegate.swift in Sources */,
				524BAA2B2642E5F900A425B0 /* SettingsView.swift in Sources */,
			);
			runOnlyForDeploymentPostprocessing = 0;
		};
/* End PBXSourcesBuildPhase section */

/* Begin PBXVariantGroup section */
		52EAB3B92620AEB1003BF6F8 /* LaunchScreen.storyboard */ = {
			isa = PBXVariantGroup;
			children = (
				52EAB3BA2620AEB1003BF6F8 /* Base */,
			);
			name = LaunchScreen.storyboard;
			sourceTree = "<group>";
		};
/* End PBXVariantGroup section */

/* Begin XCBuildConfiguration section */
		52EAB3BD2620AEB1003BF6F8 /* Debug */ = {
			isa = XCBuildConfiguration;
			buildSettings = {
				ALWAYS_SEARCH_USER_PATHS = NO;
				CLANG_ANALYZER_NONNULL = YES;
				CLANG_ANALYZER_NUMBER_OBJECT_CONVERSION = YES_AGGRESSIVE;
				CLANG_CXX_LANGUAGE_STANDARD = "gnu++14";
				CLANG_CXX_LIBRARY = "libc++";
				CLANG_ENABLE_MODULES = YES;
				CLANG_ENABLE_OBJC_ARC = YES;
				CLANG_ENABLE_OBJC_WEAK = YES;
				CLANG_WARN_BLOCK_CAPTURE_AUTORELEASING = YES;
				CLANG_WARN_BOOL_CONVERSION = YES;
				CLANG_WARN_COMMA = YES;
				CLANG_WARN_CONSTANT_CONVERSION = YES;
				CLANG_WARN_DEPRECATED_OBJC_IMPLEMENTATIONS = YES;
				CLANG_WARN_DIRECT_OBJC_ISA_USAGE = YES_ERROR;
				CLANG_WARN_DOCUMENTATION_COMMENTS = YES;
				CLANG_WARN_EMPTY_BODY = YES;
				CLANG_WARN_ENUM_CONVERSION = YES;
				CLANG_WARN_INFINITE_RECURSION = YES;
				CLANG_WARN_INT_CONVERSION = YES;
				CLANG_WARN_NON_LITERAL_NULL_CONVERSION = YES;
				CLANG_WARN_OBJC_IMPLICIT_RETAIN_SELF = YES;
				CLANG_WARN_OBJC_LITERAL_CONVERSION = YES;
				CLANG_WARN_OBJC_ROOT_CLASS = YES_ERROR;
				CLANG_WARN_QUOTED_INCLUDE_IN_FRAMEWORK_HEADER = YES;
				CLANG_WARN_RANGE_LOOP_ANALYSIS = YES;
				CLANG_WARN_STRICT_PROTOTYPES = YES;
				CLANG_WARN_SUSPICIOUS_MOVE = YES;
				CLANG_WARN_UNGUARDED_AVAILABILITY = YES_AGGRESSIVE;
				CLANG_WARN_UNREACHABLE_CODE = YES;
				CLANG_WARN__DUPLICATE_METHOD_MATCH = YES;
				COPY_PHASE_STRIP = NO;
				DEBUG_INFORMATION_FORMAT = dwarf;
				ENABLE_STRICT_OBJC_MSGSEND = YES;
				ENABLE_TESTABILITY = YES;
				GCC_C_LANGUAGE_STANDARD = gnu11;
				GCC_DYNAMIC_NO_PIC = NO;
				GCC_NO_COMMON_BLOCKS = YES;
				GCC_OPTIMIZATION_LEVEL = 0;
				GCC_PREPROCESSOR_DEFINITIONS = (
					"DEBUG=1",
					"$(inherited)",
				);
				GCC_WARN_64_TO_32_BIT_CONVERSION = YES;
				GCC_WARN_ABOUT_RETURN_TYPE = YES_ERROR;
				GCC_WARN_UNDECLARED_SELECTOR = YES;
				GCC_WARN_UNINITIALIZED_AUTOS = YES_AGGRESSIVE;
				GCC_WARN_UNUSED_FUNCTION = YES;
				GCC_WARN_UNUSED_VARIABLE = YES;
				IPHONEOS_DEPLOYMENT_TARGET = 14.4;
				MTL_ENABLE_DEBUG_INFO = INCLUDE_SOURCE;
				MTL_FAST_MATH = YES;
				ONLY_ACTIVE_ARCH = YES;
				SDKROOT = iphoneos;
				SWIFT_ACTIVE_COMPILATION_CONDITIONS = DEBUG;
				SWIFT_OPTIMIZATION_LEVEL = "-Onone";
			};
			name = Debug;
		};
		52EAB3BE2620AEB1003BF6F8 /* Release */ = {
			isa = XCBuildConfiguration;
			buildSettings = {
				ALWAYS_SEARCH_USER_PATHS = NO;
				CLANG_ANALYZER_NONNULL = YES;
				CLANG_ANALYZER_NUMBER_OBJECT_CONVERSION = YES_AGGRESSIVE;
				CLANG_CXX_LANGUAGE_STANDARD = "gnu++14";
				CLANG_CXX_LIBRARY = "libc++";
				CLANG_ENABLE_MODULES = YES;
				CLANG_ENABLE_OBJC_ARC = YES;
				CLANG_ENABLE_OBJC_WEAK = YES;
				CLANG_WARN_BLOCK_CAPTURE_AUTORELEASING = YES;
				CLANG_WARN_BOOL_CONVERSION = YES;
				CLANG_WARN_COMMA = YES;
				CLANG_WARN_CONSTANT_CONVERSION = YES;
				CLANG_WARN_DEPRECATED_OBJC_IMPLEMENTATIONS = YES;
				CLANG_WARN_DIRECT_OBJC_ISA_USAGE = YES_ERROR;
				CLANG_WARN_DOCUMENTATION_COMMENTS = YES;
				CLANG_WARN_EMPTY_BODY = YES;
				CLANG_WARN_ENUM_CONVERSION = YES;
				CLANG_WARN_INFINITE_RECURSION = YES;
				CLANG_WARN_INT_CONVERSION = YES;
				CLANG_WARN_NON_LITERAL_NULL_CONVERSION = YES;
				CLANG_WARN_OBJC_IMPLICIT_RETAIN_SELF = YES;
				CLANG_WARN_OBJC_LITERAL_CONVERSION = YES;
				CLANG_WARN_OBJC_ROOT_CLASS = YES_ERROR;
				CLANG_WARN_QUOTED_INCLUDE_IN_FRAMEWORK_HEADER = YES;
				CLANG_WARN_RANGE_LOOP_ANALYSIS = YES;
				CLANG_WARN_STRICT_PROTOTYPES = YES;
				CLANG_WARN_SUSPICIOUS_MOVE = YES;
				CLANG_WARN_UNGUARDED_AVAILABILITY = YES_AGGRESSIVE;
				CLANG_WARN_UNREACHABLE_CODE = YES;
				CLANG_WARN__DUPLICATE_METHOD_MATCH = YES;
				COPY_PHASE_STRIP = NO;
				DEBUG_INFORMATION_FORMAT = "dwarf-with-dsym";
				ENABLE_NS_ASSERTIONS = NO;
				ENABLE_STRICT_OBJC_MSGSEND = YES;
				GCC_C_LANGUAGE_STANDARD = gnu11;
				GCC_NO_COMMON_BLOCKS = YES;
				GCC_WARN_64_TO_32_BIT_CONVERSION = YES;
				GCC_WARN_ABOUT_RETURN_TYPE = YES_ERROR;
				GCC_WARN_UNDECLARED_SELECTOR = YES;
				GCC_WARN_UNINITIALIZED_AUTOS = YES_AGGRESSIVE;
				GCC_WARN_UNUSED_FUNCTION = YES;
				GCC_WARN_UNUSED_VARIABLE = YES;
				IPHONEOS_DEPLOYMENT_TARGET = 14.4;
				MTL_ENABLE_DEBUG_INFO = NO;
				MTL_FAST_MATH = YES;
				SDKROOT = iphoneos;
				SWIFT_COMPILATION_MODE = wholemodule;
				SWIFT_OPTIMIZATION_LEVEL = "-O";
				VALIDATE_PRODUCT = YES;
			};
			name = Release;
		};
		52EAB3C02620AEB1003BF6F8 /* Debug */ = {
			isa = XCBuildConfiguration;
			baseConfigurationReference = 8BCC14AAB3651E60B897E1DB /* Pods-QuizApp.debug.xcconfig */;
			buildSettings = {
				ASSETCATALOG_COMPILER_APPICON_NAME = AppIcon;
				ASSETCATALOG_COMPILER_GLOBAL_ACCENT_COLOR_NAME = AccentColor;
				CODE_SIGN_STYLE = Automatic;
				INFOPLIST_FILE = QuizApp/Info.plist;
				LD_RUNPATH_SEARCH_PATHS = (
					"$(inherited)",
					"@executable_path/Frameworks",
				);
				PRODUCT_BUNDLE_IDENTIFIER = hr.fer.pavkovic.tomislav.QuizApp;
				PRODUCT_NAME = "$(TARGET_NAME)";
				SWIFT_VERSION = 5.0;
				TARGETED_DEVICE_FAMILY = "1,2";
			};
			name = Debug;
		};
		52EAB3C12620AEB1003BF6F8 /* Release */ = {
			isa = XCBuildConfiguration;
			baseConfigurationReference = 1176D5B23D0D25B52058CC86 /* Pods-QuizApp.release.xcconfig */;
			buildSettings = {
				ASSETCATALOG_COMPILER_APPICON_NAME = AppIcon;
				ASSETCATALOG_COMPILER_GLOBAL_ACCENT_COLOR_NAME = AccentColor;
				CODE_SIGN_STYLE = Automatic;
				INFOPLIST_FILE = QuizApp/Info.plist;
				LD_RUNPATH_SEARCH_PATHS = (
					"$(inherited)",
					"@executable_path/Frameworks",
				);
				PRODUCT_BUNDLE_IDENTIFIER = hr.fer.pavkovic.tomislav.QuizApp;
				PRODUCT_NAME = "$(TARGET_NAME)";
				SWIFT_VERSION = 5.0;
				TARGETED_DEVICE_FAMILY = "1,2";
			};
			name = Release;
		};
/* End XCBuildConfiguration section */

/* Begin XCConfigurationList section */
		52EAB3A62620AEB0003BF6F8 /* Build configuration list for PBXProject "QuizApp" */ = {
			isa = XCConfigurationList;
			buildConfigurations = (
				52EAB3BD2620AEB1003BF6F8 /* Debug */,
				52EAB3BE2620AEB1003BF6F8 /* Release */,
			);
			defaultConfigurationIsVisible = 0;
			defaultConfigurationName = Release;
		};
		52EAB3BF2620AEB1003BF6F8 /* Build configuration list for PBXNativeTarget "QuizApp" */ = {
			isa = XCConfigurationList;
			buildConfigurations = (
				52EAB3C02620AEB1003BF6F8 /* Debug */,
				52EAB3C12620AEB1003BF6F8 /* Release */,
			);
			defaultConfigurationIsVisible = 0;
			defaultConfigurationName = Release;
		};
/* End XCConfigurationList section */
	};
	rootObject = 52EAB3A32620AEB0003BF6F8 /* Project object */;
}
